{
  "version": "1.0",
  "updated": "2025-07-07T23:56:01.731531-05:00",
  "symlinks": {
    "/Users/mark/.alias": {
      "source": "/Users/mark/dev/dotfiles/system/.alias",
      "created": "2025-07-07T23:56:01.723629-05:00",
      "is_folded": false
    },
    "/Users/mark/Library/Application Support/Code/User/keybindings.json": {
      "source": "/Users/mark/dev/dotfiles/vscode/keybindings.json",
      "created": "2025-07-07T23:56:01.729953-05:00",
      "is_folded": false
    },
    "/Users/mark/Library/Application Support/Code/User/settings.json": {
      "source": "/Users/mark/dev/dotfiles/vscode/settings.json",
      "created": "2025-07-07T23:56:01.730044-05:00",
      "is_folded": false
    },
    "/Users/mark/Library/Application Support/Code/User/snippets/global.code-snippets": {
      "source": "/Users/mark/dev/dotfiles/vscode/snippets/global.code-snippets",
      "created": "2025-07-07T23:56:01.730324-05:00",
      "is_folded": false
    },
    "/Users/mark/Library/Application Support/Cursor/User/keybindings.json": {
      "source": "/Users/mark/dev/dotfiles/vscode/keybindings.json",
      "created": "2025-07-07T23:56:01.730741-05:00",
      "is_folded": false
    },
    "/Users/mark/Library/Application Support/Cursor/User/settings.json": {
      "source": "/Users/mark/dev/dotfiles/vscode/settings.json",
      "created": "2025-07-07T23:56:01.73087-05:00",
      "is_folded": false
    },
    "/Users/mark/Library/Application Support/Cursor/User/snippets/global.code-snippets": {
      "source": "/Users/mark/dev/dotfiles/vscode/snippets/global.code-snippets",
      "created": "2025-07-07T23:56:01.731529-05:00",
      "is_folded": false
    }
  }
}