# This file is generated by running "yarn install" inside your project.
# Manual changes might be lost - proceed with caution!

__metadata:
  version: 10
  cacheKey: 10c0

"dotfiles@workspace:.":
  version: 0.0.0-use.local
  resolution: "dotfiles@workspace:."
  dependencies:
    prettier: "npm:^3.5.3"
    prettier-plugin-sort-json: "npm:^4.1.1"
  languageName: unknown
  linkType: soft

"prettier-plugin-sort-json@npm:^4.1.1":
  version: 4.2.0
  resolution: "prettier-plugin-sort-json@npm:4.2.0"
  peerDependencies:
    prettier: ^3.0.0
  checksum: 10c0/e1eea20998bd32da682d226c0eeb39f8a33548299f7092aa89c28caf1c171524a408d6b06773ef953b688f48577edaa3bfd7965e4b39a7e64c78dd9796216be3
  languageName: node
  linkType: hard

"prettier@npm:^3.5.3":
  version: 3.9.6
  resolution: "prettier@npm:3.9.6"
  bin:
    prettier: bin/prettier.cjs
  checksum: 10c0/9f7ddae234035868f3daab3dc34e6de7e54622185afb017378029f0c09a9c023248ccf6f34def0b17a0538e18c47aa1b3188bab72965d1bf735919baa0747e99
  languageName: node
  linkType: hard
