# This file is generated by running "yarn install" inside your project.
# Manual changes might be lost - proceed with caution!

__metadata:
  version: 5
  cacheKey: 8

"@types/prettier@npm:^2.2.0":
  version: 2.4.2
  resolution: "@types/prettier@npm:2.4.2"
  checksum: 76e230b2d11028af11fe12e09b2d5b10b03738e9abf819ae6ebb0f78cac13d39f860755ce05ac3855b608222518d956628f5d00322dc206cc6d1f2d8d1519f1e
  languageName: node
  linkType: hard

"dotfiles@workspace:.":
  version: 0.0.0-use.local
  resolution: "dotfiles@workspace:."
  dependencies:
    prettier: ^2.5.1
    prettier-plugin-sort-json: ^0.0.2
  languageName: unknown
  linkType: soft

"prettier-plugin-sort-json@npm:^0.0.2":
  version: 0.0.2
  resolution: "prettier-plugin-sort-json@npm:0.0.2"
  dependencies:
    "@types/prettier": ^2.2.0
  peerDependencies:
    prettier: ^2.1.0
  checksum: 2ea84af329044dc5c8a60d16187dc64b47d7728463b07f6a6da03f63418e59b230b36651b366c1c18d3142372c4321b329abe173b1128b8497d9ae2ae5dc5e98
  languageName: node
  linkType: hard

"prettier@npm:^2.5.1":
  version: 2.5.1
  resolution: "prettier@npm:2.5.1"
  bin:
    prettier: bin-prettier.js
  checksum: 21b9408476ea1c544b0e45d51ceb94a84789ff92095abb710942d780c862d0daebdb29972d47f6b4d0f7ebbfb0ffbf56cc2cfa3e3e9d1cca54864af185b15b66
  languageName: node
  linkType: hard
